
Microsoft Visual Studio Solution File, Format Version 12.00
# Visual Studio Version 16
VisualStudioVersion = 16.0.30114.105
MinimumVisualStudioVersion = 10.0.40219.1
Project("{2150E333-8FDC-42A3-9474-1A3956D46DE8}") = "tests", "tests", "{1BA6F882-9CD7-4B01-BFB9-E7A6E337704D}"
EndProject
Project("{F2A71F9B-5D33-465A-A702-920D77279786}") = "App.Android.Net6", "tests\App.Android.Net6\App.Android.Net6.fsproj", "{F86C8618-493F-4A93-BA4C-588565376906}"
EndProject
Project("{F2A71F9B-5D33-465A-A702-920D77279786}") = "App.Android.NetFX", "tests\App.Android.NetFX\App.Android.NetFX.fsproj", "{542351D4-6C1F-4A8F-A342-6B3164E758EA}"
EndProject
Project("{2150E333-8FDC-42A3-9474-1A3956D46DE8}") = "FSharp.Android.Resource", "FSharp.Android.Resource", "{65769B5A-A981-468D-9075-1FFC982D9050}"
	ProjectSection(SolutionItems) = preProject
		FSharp.Android.Resource.props = FSharp.Android.Resource.props
		FSharp.Android.Resource.targets = FSharp.Android.Resource.targets
	EndProjectSection
EndProject
Global
	GlobalSection(SolutionConfigurationPlatforms) = preSolution
		Debug|Any CPU = Debug|Any CPU
		Release|Any CPU = Release|Any CPU
	EndGlobalSection
	GlobalSection(SolutionProperties) = preSolution
		HideSolutionNode = FALSE
	EndGlobalSection
	GlobalSection(ProjectConfigurationPlatforms) = postSolution
		{F86C8618-493F-4A93-BA4C-588565376906}.Debug|Any CPU.ActiveCfg = Debug|Any CPU
		{F86C8618-493F-4A93-BA4C-588565376906}.Debug|Any CPU.Build.0 = Debug|Any CPU
		{F86C8618-493F-4A93-BA4C-588565376906}.Debug|Any CPU.Deploy.0 = Debug|Any CPU
		{F86C8618-493F-4A93-BA4C-588565376906}.Release|Any CPU.ActiveCfg = Release|Any CPU
		{F86C8618-493F-4A93-BA4C-588565376906}.Release|Any CPU.Build.0 = Release|Any CPU
		{542351D4-6C1F-4A8F-A342-6B3164E758EA}.Debug|Any CPU.ActiveCfg = Debug|Any CPU
		{542351D4-6C1F-4A8F-A342-6B3164E758EA}.Debug|Any CPU.Build.0 = Debug|Any CPU
		{542351D4-6C1F-4A8F-A342-6B3164E758EA}.Debug|Any CPU.Deploy.0 = Debug|Any CPU
		{542351D4-6C1F-4A8F-A342-6B3164E758EA}.Release|Any CPU.ActiveCfg = Release|Any CPU
		{542351D4-6C1F-4A8F-A342-6B3164E758EA}.Release|Any CPU.Build.0 = Release|Any CPU
	EndGlobalSection
	GlobalSection(NestedProjects) = preSolution
		{F86C8618-493F-4A93-BA4C-588565376906} = {1BA6F882-9CD7-4B01-BFB9-E7A6E337704D}
		{542351D4-6C1F-4A8F-A342-6B3164E758EA} = {1BA6F882-9CD7-4B01-BFB9-E7A6E337704D}
	EndGlobalSection
EndGlobal
